?
Microsoft Visual Studio Solution File, Format Version 12.00
# Visual Studio 15
VisualStudioVersion = 15.0.28307.421
MinimumVisualStudioVersion = 10.0.40219.1
Project("{FAE04EC0-301F-11D3-BF4B-00C04F79EFBC}") = "CodeBattleNetLibrary", "CodeBattleNetLibrary\CodeBattleNetLibrary.csproj", "{C2344C33-F6BE-4B0D-9C93-8968E0B06B0A}"
EndProject
Project("{FAE04EC0-301F-11D3-BF4B-00C04F79EFBC}") = "CodeBattleNet", "CodeBattleNet\CodeBattleNet.csproj", "{AD905988-691D-491D-A604-5D960EB22BB4}"
EndProject
Global
	GlobalSection(SolutionConfigurationPlatforms) = preSolution
		Debug|Any CPU = Debug|Any CPU
		Release|Any CPU = Release|Any CPU
	EndGlobalSection
	GlobalSection(ProjectConfigurationPlatforms) = postSolution
		{C2344C33-F6BE-4B0D-9C93-8968E0B06B0A}.Debug|Any CPU.ActiveCfg = Debug|Any CPU
		{C2344C33-F6BE-4B0D-9C93-8968E0B06B0A}.Debug|Any CPU.Build.0 = Debug|Any CPU
		{C2344C33-F6BE-4B0D-9C93-8968E0B06B0A}.Release|Any CPU.ActiveCfg = Release|Any CPU
		{C2344C33-F6BE-4B0D-9C93-8968E0B06B0A}.Release|Any CPU.Build.0 = Release|Any CPU
		{AD905988-691D-491D-A604-5D960EB22BB4}.Debug|Any CPU.ActiveCfg = Debug|Any CPU
		{AD905988-691D-491D-A604-5D960EB22BB4}.Debug|Any CPU.Build.0 = Debug|Any CPU
		{AD905988-691D-491D-A604-5D960EB22BB4}.Release|Any CPU.ActiveCfg = Release|Any CPU
		{AD905988-691D-491D-A604-5D960EB22BB4}.Release|Any CPU.Build.0 = Release|Any CPU
	EndGlobalSection
	GlobalSection(SolutionProperties) = preSolution
		HideSolutionNode = FALSE
	EndGlobalSection
	GlobalSection(ExtensibilityGlobals) = postSolution
		SolutionGuid = {47F80AFD-12AF-4511-9707-B7C0B162300D}
	EndGlobalSection
EndGlobal